{
  "version": 4,
  "terraform_version": "1.12.2",
  "serial": 5,
  "lineage": "2b736143-f546-d021-5831-129c95248781",
  "outputs": {
    "vm_ips": {
      "value": [
        []
      ],
      "type": [
        "tuple",
        [
          [
            "list",
            [
              "list",
              "string"
            ]
          ]
        ]
      ]
    },
    "vm_names": {
      "value": [
        "test-web-web-1"
      ],
      "type": [
        "tuple",
        [
          "string"
        ]
      ]
    }
  },
  "resources": [
    {
      "mode": "managed",
      "type": "proxmox_virtual_environment_vm",
      "name": "server",
      "provider": "provider[\"registry.terraform.io/bpg/proxmox\"]",
      "instances": [
        {
          "index_key": 0,
          "schema_version": 0,
          "attributes": {
            "acpi": true,
            "agent": [],
            "amd_sev": [],
            "audio_device": [],
            "bios": "seabios",
            "boot_order": null,
            "cdrom": [],
            "clone": [
              {
                "datastore_id": "",
                "full": true,
                "node_name": "",
                "retries": 1,
                "vm_id": 8000
              }
            ],
            "cpu": [
              {
                "affinity": "",
                "architecture": "",
                "cores": 2,
                "flags": null,
                "hotplugged": 0,
                "limit": 0,
                "numa": false,
                "sockets": 1,
                "type": "qemu64",
                "units": 1024
              }
            ],
            "description": null,
            "disk": [
              {
                "aio": "io_uring",
                "backup": true,
                "cache": "none",
                "datastore_id": "ssd",
                "discard": "ignore",
                "file_format": "qcow2",
                "file_id": "",
                "import_from": "",
                "interface": "virtio0",
                "iothread": false,
                "path_in_datastore": "101/vm-101-disk-0.qcow2",
                "replicate": true,
                "serial": "",
                "size": 20,
                "speed": [],
                "ssd": false
              }
            ],
            "efi_disk": [],
            "hook_script_file_id": null,
            "hostpci": [],
            "id": "101",
            "initialization": [
              {
                "datastore_id": "local-lvm",
                "dns": [],
                "interface": "ide2",
                "ip_config": [
                  {
                    "ipv4": [
                      {
                        "address": "192.168.0.113/24",
                        "gateway": "192.168.0.1"
                      }
                    ],
                    "ipv6": []
                  }
                ],
                "meta_data_file_id": "",
                "network_data_file_id": "",
                "type": "",
                "user_account": [
                  {
                    "keys": [
                      "ssh-rsa AAAAB3NzaC1yc2EAAAADAQABAAABgQC5YjxN0N+Xbuv3RJwcUxBXqwlueHXNMidIXHagPO6xXovqo/ypq1EHMKJKXKQND1G2pACX1EIDIF/6gLFVOAMn1tzeiMttn4UskHLGz+oM7PMS3uFnVIN/uBQNDlYxKcyiYvdrP+mxiQsa7lyuxYfcAySoFx64l+giAGppKNuDPBz2SPY87I+V06/+eo6Rnd2XHmJvqpVclEwezZ+WQfkFYRKxxnWAWl2m6apdio2kPyRxEwCP19moyVlQhm5b+IAoktHgaDYFr1YrQ9J/QCSVYkiG3IDCOwI4k+O0MaV5Uelj0NaTDv4Pb2Dv2/86VPTrKOucSs8o0JqboHjKtfEKfmDym25YnTaF+tXGzPkAk8b3l7oESC2SFvPTO3lyiE84dGniQNtJg9YwUb5NxynOk9yydd0L3E6ikfTpdokwjd49GgE/KxkcZjhrxLwUMyJ0SLf/vqaRc9GmTn7JTeqnObMhArXjHuTXmfcL2Q9DYEREVfioWLgu7CPxfdS2+fc= dmc_dev@localhost.localdomain"
                    ],
                    "password": "**********",
                    "username": "rocky"
                  }
                ],
                "user_data_file_id": "",
                "vendor_data_file_id": ""
              }
            ],
            "ipv4_addresses": [],
            "ipv6_addresses": [],
            "keyboard_layout": "en-us",
            "kvm_arguments": null,
            "mac_addresses": [
              "BC:24:11:2B:D1:79"
            ],
            "machine": null,
            "memory": [
              {
                "dedicated": 2048,
                "floating": 0,
                "hugepages": "",
                "keep_hugepages": false,
                "shared": 0
              }
            ],
            "migrate": false,
            "name": "test-web-web-1",
            "network_device": [
              {
                "bridge": "vmbr0",
                "disconnected": false,
                "enabled": true,
                "firewall": false,
                "mac_address": "BC:24:11:2B:D1:79",
                "model": "virtio",
                "mtu": 0,
                "queues": 0,
                "rate_limit": 0,
                "trunks": "",
                "vlan_id": 0
              }
            ],
            "network_interface_names": [],
            "node_name": "prox",
            "numa": [],
            "on_boot": true,
            "operating_system": [
              {
                "type": "l26"
              }
            ],
            "pool_id": null,
            "protection": false,
            "reboot": false,
            "reboot_after_update": true,
            "rng": [],
            "scsi_hardware": "virtio-scsi-pci",
            "serial_device": [],
            "smbios": [],
            "started": true,
            "startup": [],
            "stop_on_destroy": false,
            "tablet_device": true,
            "tags": null,
            "template": false,
            "timeout_clone": 1800,
            "timeout_create": 1800,
            "timeout_migrate": 1800,
            "timeout_move_disk": 1800,
            "timeout_reboot": 1800,
            "timeout_shutdown_vm": 1800,
            "timeout_start_vm": 1800,
            "timeout_stop_vm": 300,
            "tpm_state": [],
            "usb": [],
            "vga": [
              {
                "clipboard": "",
                "memory": 16,
                "type": "serial0"
              }
            ],
            "virtiofs": [],
            "vm_id": 101,
            "watchdog": []
          },
          "sensitive_attributes": [
            [
              {
                "type": "get_attr",
                "value": "initialization"
              },
              {
                "type": "index",
                "value": {
                  "value": 0,
                  "type": "number"
                }
              },
              {
                "type": "get_attr",
                "value": "user_account"
              },
              {
                "type": "index",
                "value": {
                  "value": 0,
                  "type": "number"
                }
              },
              {
                "type": "get_attr",
                "value": "password"
              }
            ]
          ],
          "identity_schema_version": 0,
          "private": "bnVsbA=="
        }
      ]
    }
  ],
  "check_results": null
}
